<Solution>
  <Folder Name="/src/">
    <Project Path="src/Gateway/SupportPoc.Gateway.csproj" />
  </Folder>
  <Folder Name="/src/AiOrchestrator/">
    <Project Path="src/AiOrchestrator/SupportPoc.AiOrchestrator.csproj" />
  </Folder>
  <Folder Name="/src/KnowledgeService/">
    <Project Path="src/KnowledgeService/SupportPoc.KnowledgeService.csproj" />
  </Folder>
  <Folder Name="/src/McpToolServer/">
    <Project Path="src/McpToolServer/SupportPoc.McpToolServer.csproj" />
  </Folder>
  <Folder Name="/src/Shared/">
    <Project Path="src/Shared/SupportPoc.Shared.csproj" />
  </Folder>
  <Folder Name="/src/TicketService/">
    <Project Path="src/TicketService/SupportPoc.TicketService.csproj" />
  </Folder>
  <Folder Name="/tests/">
    <Project Path="tests/SupportPoc.AiOrchestrator.Tests/SupportPoc.AiOrchestrator.Tests.csproj" />
    <Project Path="tests/SupportPoc.KnowledgeService.Tests/SupportPoc.KnowledgeService.Tests.csproj" />
    <Project Path="tests/SupportPoc.TicketService.Tests/SupportPoc.TicketService.Tests.csproj" />
  </Folder>
</Solution>
